
Microsoft Visual Studio Solution File, Format Version 12.00
# Visual Studio Version 17
VisualStudioVersion = 17.7.34024.191
MinimumVisualStudioVersion = 10.0.40219.1
Project("{9A19103F-16F7-4668-BE54-9A1E7A4F7556}") = "jarai.tdd3.TestDoubles", "jarai.tdd3.TestDoubles\jarai.tdd3.TestDoubles.csproj", "{0C6009B7-9925-47DB-877E-4768F0AA3E29}"
EndProject
Project("{9A19103F-16F7-4668-BE54-9A1E7A4F7556}") = "jarai.tdd1.RedGreenRefactor", "jarai.tdd1.RedGreenRefactor\jarai.tdd1.RedGreenRefactor.csproj", "{304B5A9B-C5F0-4215-9087-5A0B5A861A31}"
EndProject
Project("{9A19103F-16F7-4668-BE54-9A1E7A4F7556}") = "jarai.tdd1.RedGreenRefactor.Tests", "jarai.tdd1.RedGreenRefactor.Tests\jarai.tdd1.RedGreenRefactor.Tests.csproj", "{91F3C518-9428-4712-95CC-FD194B6A8BEE}"
EndProject
Project("{9A19103F-16F7-4668-BE54-9A1E7A4F7556}") = "jarai.tdd2.OutsideInTDD", "jarai.tdd2.OutsideInTDD\jarai.tdd2.OutsideInTDD.csproj", "{6FD224A6-3E44-489F-9CEF-1C944AF5DF9D}"
EndProject
Project("{9A19103F-16F7-4668-BE54-9A1E7A4F7556}") = "jarai.tdd2.OutsideInTDD.Tests", "jarai.tdd2.OutsideInTDD.Tests\jarai.tdd2.OutsideInTDD.Tests.csproj", "{BE849870-1389-460F-8626-6DDDE3F47F2B}"
EndProject
Project("{9A19103F-16F7-4668-BE54-9A1E7A4F7556}") = "jarai.tdd3.TestDoubles.Tests", "jarai.tdd3.TestDoubles.Tests\jarai.tdd3.TestDoubles.Tests.csproj", "{D6D05F54-55DD-437E-84DF-F89314FEB19C}"
EndProject
Project("{9A19103F-16F7-4668-BE54-9A1E7A4F7556}") = "jarai.tdd0.Refresher", "jarai.tdd0.Refresher\jarai.tdd0.Refresher.csproj", "{05695A53-B681-4040-A2E7-0132E60E59B0}"
EndProject
Project("{9A19103F-16F7-4668-BE54-9A1E7A4F7556}") = "jarai.tdd6.DependencyInjection.DIY", "jarai.tdd6.DependencyInjection.DIY\jarai.tdd6.DependencyInjection.DIY.csproj", "{FBD75E9C-16C7-4A84-B487-938DEC0A4B63}"
EndProject
Project("{9A19103F-16F7-4668-BE54-9A1E7A4F7556}") = "jarai.tdd6.DependencyInjection.NetCore", "jarai.tdd6.DependencyInjection.NetCore\jarai.tdd6.DependencyInjection.NetCore.csproj", "{9B7C8512-1C7A-49DE-BFE3-1F4D3F1DDCDA}"
EndProject
Project("{9A19103F-16F7-4668-BE54-9A1E7A4F7556}") = "jarai.tdd7.MarsRoverKata", "jarai.tdd7.MarsRoverKata\jarai.tdd7.MarsRoverKata.csproj", "{D4EF97A0-71C7-4405-8939-B7F49E04899B}"
EndProject
Project("{9A19103F-16F7-4668-BE54-9A1E7A4F7556}") = "jarai.tdd7.MarsRoverKata.Tests", "jarai.tdd7.MarsRoverKata.Tests\jarai.tdd7.MarsRoverKata.Tests.csproj", "{0D998A50-D023-4C8B-98E5-58192EB71CEE}"
EndProject
Project("{9A19103F-16F7-4668-BE54-9A1E7A4F7556}") = "jarai.tdd4.Moq", "jarai.tdd4.Moq\jarai.tdd4.Moq.csproj", "{120EBC7D-231B-4539-AF03-2E2D3B4181F5}"
EndProject
Project("{9A19103F-16F7-4668-BE54-9A1E7A4F7556}") = "jarai.tdd4.Moq.Tests", "jarai.tdd4.Moq.Tests\jarai.tdd4.Moq.Tests.csproj", "{E51EE9C2-2E83-4F85-9B4C-8D0EA09CE42D}"
EndProject
Project("{9A19103F-16F7-4668-BE54-9A1E7A4F7556}") = "jarai.tdd5.AutoFixture", "jarai.tdd5.AutoFixture\jarai.tdd5.AutoFixture.csproj", "{5B09586E-4446-4B69-8E11-3EA27A8493E6}"
EndProject
Project("{9A19103F-16F7-4668-BE54-9A1E7A4F7556}") = "jarai.tdd5.AutoFixture.Tests", "jarai.tdd5.AutoFixture.Tests\jarai.tdd5.AutoFixture.Tests.csproj", "{D17F2B12-1F10-4A1A-9061-2F8837A5F90C}"
EndProject
Project("{9A19103F-16F7-4668-BE54-9A1E7A4F7556}") = "jarai.tdd8.KniffelLegacy", "jarai.tdd8.Kniffel\jarai.tdd8.KniffelLegacy.csproj", "{5229AF16-43C6-480F-8A9E-840CC4395EA7}"
EndProject
Project("{9A19103F-16F7-4668-BE54-9A1E7A4F7556}") = "jarai.tdd8.KniffelLegacy.Tests", "jarai.tdd8.KniffelTests\jarai.tdd8.KniffelLegacy.Tests.csproj", "{FB4E196B-3C77-420D-ACED-C63C8A2CF0FE}"
EndProject
Project("{9A19103F-16F7-4668-BE54-9A1E7A4F7556}") = "jarai.tdd8.KniffelRefactored", "tdd8.Kniffel.Refactored\jarai.tdd8.KniffelRefactored.csproj", "{B58738B4-7F7A-453B-9E8D-6905F96558D9}"
EndProject
Project("{9A19103F-16F7-4668-BE54-9A1E7A4F7556}") = "jarai.tdd8.KniffelRefactored.Tests", "jarai.tdd8.Kniffel.Refactored.Tests\jarai.tdd8.KniffelRefactored.Tests.csproj", "{71F0B4AE-A9E8-45A1-A671-7E613130C4E9}"
EndProject
Global
	GlobalSection(SolutionConfigurationPlatforms) = preSolution
		Debug|Any CPU = Debug|Any CPU
		Release|Any CPU = Release|Any CPU
	EndGlobalSection
	GlobalSection(ProjectConfigurationPlatforms) = postSolution
		{0C6009B7-9925-47DB-877E-4768F0AA3E29}.Debug|Any CPU.ActiveCfg = Debug|Any CPU
		{0C6009B7-9925-47DB-877E-4768F0AA3E29}.Debug|Any CPU.Build.0 = Debug|Any CPU
		{0C6009B7-9925-47DB-877E-4768F0AA3E29}.Release|Any CPU.ActiveCfg = Release|Any CPU
		{0C6009B7-9925-47DB-877E-4768F0AA3E29}.Release|Any CPU.Build.0 = Release|Any CPU
		{304B5A9B-C5F0-4215-9087-5A0B5A861A31}.Debug|Any CPU.ActiveCfg = Debug|Any CPU
		{304B5A9B-C5F0-4215-9087-5A0B5A861A31}.Debug|Any CPU.Build.0 = Debug|Any CPU
		{304B5A9B-C5F0-4215-9087-5A0B5A861A31}.Release|Any CPU.ActiveCfg = Release|Any CPU
		{304B5A9B-C5F0-4215-9087-5A0B5A861A31}.Release|Any CPU.Build.0 = Release|Any CPU
		{91F3C518-9428-4712-95CC-FD194B6A8BEE}.Debug|Any CPU.ActiveCfg = Debug|Any CPU
		{91F3C518-9428-4712-95CC-FD194B6A8BEE}.Debug|Any CPU.Build.0 = Debug|Any CPU
		{91F3C518-9428-4712-95CC-FD194B6A8BEE}.Release|Any CPU.ActiveCfg = Release|Any CPU
		{91F3C518-9428-4712-95CC-FD194B6A8BEE}.Release|Any CPU.Build.0 = Release|Any CPU
		{6FD224A6-3E44-489F-9CEF-1C944AF5DF9D}.Debug|Any CPU.ActiveCfg = Debug|Any CPU
		{6FD224A6-3E44-489F-9CEF-1C944AF5DF9D}.Debug|Any CPU.Build.0 = Debug|Any CPU
		{6FD224A6-3E44-489F-9CEF-1C944AF5DF9D}.Release|Any CPU.ActiveCfg = Release|Any CPU
		{6FD224A6-3E44-489F-9CEF-1C944AF5DF9D}.Release|Any CPU.Build.0 = Release|Any CPU
		{BE849870-1389-460F-8626-6DDDE3F47F2B}.Debug|Any CPU.ActiveCfg = Debug|Any CPU
		{BE849870-1389-460F-8626-6DDDE3F47F2B}.Debug|Any CPU.Build.0 = Debug|Any CPU
		{BE849870-1389-460F-8626-6DDDE3F47F2B}.Release|Any CPU.ActiveCfg = Release|Any CPU
		{BE849870-1389-460F-8626-6DDDE3F47F2B}.Release|Any CPU.Build.0 = Release|Any CPU
		{D6D05F54-55DD-437E-84DF-F89314FEB19C}.Debug|Any CPU.ActiveCfg = Debug|Any CPU
		{D6D05F54-55DD-437E-84DF-F89314FEB19C}.Debug|Any CPU.Build.0 = Debug|Any CPU
		{D6D05F54-55DD-437E-84DF-F89314FEB19C}.Release|Any CPU.ActiveCfg = Release|Any CPU
		{D6D05F54-55DD-437E-84DF-F89314FEB19C}.Release|Any CPU.Build.0 = Release|Any CPU
		{05695A53-B681-4040-A2E7-0132E60E59B0}.Debug|Any CPU.ActiveCfg = Debug|Any CPU
		{05695A53-B681-4040-A2E7-0132E60E59B0}.Debug|Any CPU.Build.0 = Debug|Any CPU
		{05695A53-B681-4040-A2E7-0132E60E59B0}.Release|Any CPU.ActiveCfg = Release|Any CPU
		{05695A53-B681-4040-A2E7-0132E60E59B0}.Release|Any CPU.Build.0 = Release|Any CPU
		{FBD75E9C-16C7-4A84-B487-938DEC0A4B63}.Debug|Any CPU.ActiveCfg = Debug|Any CPU
		{FBD75E9C-16C7-4A84-B487-938DEC0A4B63}.Debug|Any CPU.Build.0 = Debug|Any CPU
		{FBD75E9C-16C7-4A84-B487-938DEC0A4B63}.Release|Any CPU.ActiveCfg = Release|Any CPU
		{FBD75E9C-16C7-4A84-B487-938DEC0A4B63}.Release|Any CPU.Build.0 = Release|Any CPU
		{9B7C8512-1C7A-49DE-BFE3-1F4D3F1DDCDA}.Debug|Any CPU.ActiveCfg = Debug|Any CPU
		{9B7C8512-1C7A-49DE-BFE3-1F4D3F1DDCDA}.Debug|Any CPU.Build.0 = Debug|Any CPU
		{9B7C8512-1C7A-49DE-BFE3-1F4D3F1DDCDA}.Release|Any CPU.ActiveCfg = Release|Any CPU
		{9B7C8512-1C7A-49DE-BFE3-1F4D3F1DDCDA}.Release|Any CPU.Build.0 = Release|Any CPU
		{D4EF97A0-71C7-4405-8939-B7F49E04899B}.Debug|Any CPU.ActiveCfg = Debug|Any CPU
		{D4EF97A0-71C7-4405-8939-B7F49E04899B}.Debug|Any CPU.Build.0 = Debug|Any CPU
		{D4EF97A0-71C7-4405-8939-B7F49E04899B}.Release|Any CPU.ActiveCfg = Release|Any CPU
		{D4EF97A0-71C7-4405-8939-B7F49E04899B}.Release|Any CPU.Build.0 = Release|Any CPU
		{0D998A50-D023-4C8B-98E5-58192EB71CEE}.Debug|Any CPU.ActiveCfg = Debug|Any CPU
		{0D998A50-D023-4C8B-98E5-58192EB71CEE}.Debug|Any CPU.Build.0 = Debug|Any CPU
		{0D998A50-D023-4C8B-98E5-58192EB71CEE}.Release|Any CPU.ActiveCfg = Release|Any CPU
		{0D998A50-D023-4C8B-98E5-58192EB71CEE}.Release|Any CPU.Build.0 = Release|Any CPU
		{120EBC7D-231B-4539-AF03-2E2D3B4181F5}.Debug|Any CPU.ActiveCfg = Debug|Any CPU
		{120EBC7D-231B-4539-AF03-2E2D3B4181F5}.Debug|Any CPU.Build.0 = Debug|Any CPU
		{120EBC7D-231B-4539-AF03-2E2D3B4181F5}.Release|Any CPU.ActiveCfg = Release|Any CPU
		{120EBC7D-231B-4539-AF03-2E2D3B4181F5}.Release|Any CPU.Build.0 = Release|Any CPU
		{E51EE9C2-2E83-4F85-9B4C-8D0EA09CE42D}.Debug|Any CPU.ActiveCfg = Debug|Any CPU
		{E51EE9C2-2E83-4F85-9B4C-8D0EA09CE42D}.Debug|Any CPU.Build.0 = Debug|Any CPU
		{E51EE9C2-2E83-4F85-9B4C-8D0EA09CE42D}.Release|Any CPU.ActiveCfg = Release|Any CPU
		{E51EE9C2-2E83-4F85-9B4C-8D0EA09CE42D}.Release|Any CPU.Build.0 = Release|Any CPU
		{5B09586E-4446-4B69-8E11-3EA27A8493E6}.Debug|Any CPU.ActiveCfg = Debug|Any CPU
		{5B09586E-4446-4B69-8E11-3EA27A8493E6}.Debug|Any CPU.Build.0 = Debug|Any CPU
		{5B09586E-4446-4B69-8E11-3EA27A8493E6}.Release|Any CPU.ActiveCfg = Release|Any CPU
		{5B09586E-4446-4B69-8E11-3EA27A8493E6}.Release|Any CPU.Build.0 = Release|Any CPU
		{D17F2B12-1F10-4A1A-9061-2F8837A5F90C}.Debug|Any CPU.ActiveCfg = Debug|Any CPU
		{D17F2B12-1F10-4A1A-9061-2F8837A5F90C}.Debug|Any CPU.Build.0 = Debug|Any CPU
		{D17F2B12-1F10-4A1A-9061-2F8837A5F90C}.Release|Any CPU.ActiveCfg = Release|Any CPU
		{D17F2B12-1F10-4A1A-9061-2F8837A5F90C}.Release|Any CPU.Build.0 = Release|Any CPU
		{5229AF16-43C6-480F-8A9E-840CC4395EA7}.Debug|Any CPU.ActiveCfg = Debug|Any CPU
		{5229AF16-43C6-480F-8A9E-840CC4395EA7}.Debug|Any CPU.Build.0 = Debug|Any CPU
		{5229AF16-43C6-480F-8A9E-840CC4395EA7}.Release|Any CPU.ActiveCfg = Release|Any CPU
		{5229AF16-43C6-480F-8A9E-840CC4395EA7}.Release|Any CPU.Build.0 = Release|Any CPU
		{FB4E196B-3C77-420D-ACED-C63C8A2CF0FE}.Debug|Any CPU.ActiveCfg = Debug|Any CPU
		{FB4E196B-3C77-420D-ACED-C63C8A2CF0FE}.Debug|Any CPU.Build.0 = Debug|Any CPU
		{FB4E196B-3C77-420D-ACED-C63C8A2CF0FE}.Release|Any CPU.ActiveCfg = Release|Any CPU
		{FB4E196B-3C77-420D-ACED-C63C8A2CF0FE}.Release|Any CPU.Build.0 = Release|Any CPU
		{B58738B4-7F7A-453B-9E8D-6905F96558D9}.Debug|Any CPU.ActiveCfg = Debug|Any CPU
		{B58738B4-7F7A-453B-9E8D-6905F96558D9}.Debug|Any CPU.Build.0 = Debug|Any CPU
		{B58738B4-7F7A-453B-9E8D-6905F96558D9}.Release|Any CPU.ActiveCfg = Release|Any CPU
		{B58738B4-7F7A-453B-9E8D-6905F96558D9}.Release|Any CPU.Build.0 = Release|Any CPU
		{71F0B4AE-A9E8-45A1-A671-7E613130C4E9}.Debug|Any CPU.ActiveCfg = Debug|Any CPU
		{71F0B4AE-A9E8-45A1-A671-7E613130C4E9}.Debug|Any CPU.Build.0 = Debug|Any CPU
		{71F0B4AE-A9E8-45A1-A671-7E613130C4E9}.Release|Any CPU.ActiveCfg = Release|Any CPU
		{71F0B4AE-A9E8-45A1-A671-7E613130C4E9}.Release|Any CPU.Build.0 = Release|Any CPU
	EndGlobalSection
	GlobalSection(SolutionProperties) = preSolution
		HideSolutionNode = FALSE
	EndGlobalSection
	GlobalSection(ExtensibilityGlobals) = postSolution
		SolutionGuid = {E7A237F1-36F7-4B86-A1CB-EA8FBDA56264}
	EndGlobalSection
EndGlobal
